
Microsoft Visual Studio Solution File, Format Version 12.00
# Visual Studio 2013
VisualStudioVersion = 12.0.30501.0
MinimumVisualStudioVersion = 10.0.40219.1
Project("{8BC9CEB8-8B4A-11D0-8D11-00A0C91BC942}") = "librtmp", "librtmp.vcxproj", "{02EB8C66-CEC8-4862-AD01-2CF648DDB433}"
EndProject
Global
	GlobalSection(SolutionConfigurationPlatforms) = preSolution
		Debug|Win32 = Debug|Win32
		Debug|x64 = Debug|x64
		DebugDLL|Win32 = DebugDLL|Win32
		DebugDLL|x64 = DebugDLL|x64
		DebugDLLSharedDeps|Win32 = DebugDLLSharedDeps|Win32
		DebugDLLSharedDeps|x64 = DebugDLLSharedDeps|x64
		Release|Win32 = Release|Win32
		Release|x64 = Release|x64
		ReleaseDLL|Win32 = ReleaseDLL|Win32
		ReleaseDLL|x64 = ReleaseDLL|x64
		ReleaseDLLSharedDeps|Win32 = ReleaseDLLSharedDeps|Win32
		ReleaseDLLSharedDeps|x64 = ReleaseDLLSharedDeps|x64
		ReleaseLTO|Win32 = ReleaseLTO|Win32
		ReleaseLTO|x64 = ReleaseLTO|x64
	EndGlobalSection
	GlobalSection(ProjectConfigurationPlatforms) = postSolution
		{02EB8C66-CEC8-4862-AD01-2CF648DDB433}.Debug|Win32.ActiveCfg = Debug|Win32
		{02EB8C66-CEC8-4862-AD01-2CF648DDB433}.Debug|Win32.Build.0 = Debug|Win32
		{02EB8C66-CEC8-4862-AD01-2CF648DDB433}.Debug|x64.ActiveCfg = Debug|x64
		{02EB8C66-CEC8-4862-AD01-2CF648DDB433}.Debug|x64.Build.0 = Debug|x64
		{02EB8C66-CEC8-4862-AD01-2CF648DDB433}.DebugDLL|Win32.ActiveCfg = DebugDLL|Win32
		{02EB8C66-CEC8-4862-AD01-2CF648DDB433}.DebugDLL|Win32.Build.0 = DebugDLL|Win32
		{02EB8C66-CEC8-4862-AD01-2CF648DDB433}.DebugDLL|x64.ActiveCfg = DebugDLL|x64
		{02EB8C66-CEC8-4862-AD01-2CF648DDB433}.DebugDLL|x64.Build.0 = DebugDLL|x64
		{02EB8C66-CEC8-4862-AD01-2CF648DDB433}.DebugDLLSharedDeps|Win32.ActiveCfg = DebugDLLSharedDeps|Win32
		{02EB8C66-CEC8-4862-AD01-2CF648DDB433}.DebugDLLSharedDeps|Win32.Build.0 = DebugDLLSharedDeps|Win32
		{02EB8C66-CEC8-4862-AD01-2CF648DDB433}.DebugDLLSharedDeps|x64.ActiveCfg = DebugDLLSharedDeps|x64
		{02EB8C66-CEC8-4862-AD01-2CF648DDB433}.DebugDLLSharedDeps|x64.Build.0 = DebugDLLSharedDeps|x64
		{02EB8C66-CEC8-4862-AD01-2CF648DDB433}.Release|Win32.ActiveCfg = Release|Win32
		{02EB8C66-CEC8-4862-AD01-2CF648DDB433}.Release|Win32.Build.0 = Release|Win32
		{02EB8C66-CEC8-4862-AD01-2CF648DDB433}.Release|x64.ActiveCfg = Release|x64
		{02EB8C66-CEC8-4862-AD01-2CF648DDB433}.Release|x64.Build.0 = Release|x64
		{02EB8C66-CEC8-4862-AD01-2CF648DDB433}.ReleaseDLL|Win32.ActiveCfg = ReleaseDLL|Win32
		{02EB8C66-CEC8-4862-AD01-2CF648DDB433}.ReleaseDLL|Win32.Build.0 = ReleaseDLL|Win32
		{02EB8C66-CEC8-4862-AD01-2CF648DDB433}.ReleaseDLL|x64.ActiveCfg = ReleaseDLL|x64
		{02EB8C66-CEC8-4862-AD01-2CF648DDB433}.ReleaseDLL|x64.Build.0 = ReleaseDLL|x64
		{02EB8C66-CEC8-4862-AD01-2CF648DDB433}.ReleaseDLLSharedDeps|Win32.ActiveCfg = ReleaseDLLSharedDeps|Win32
		{02EB8C66-CEC8-4862-AD01-2CF648DDB433}.ReleaseDLLSharedDeps|Win32.Build.0 = ReleaseDLLSharedDeps|Win32
		{02EB8C66-CEC8-4862-AD01-2CF648DDB433}.ReleaseDLLSharedDeps|x64.ActiveCfg = ReleaseDLLSharedDeps|x64
		{02EB8C66-CEC8-4862-AD01-2CF648DDB433}.ReleaseDLLSharedDeps|x64.Build.0 = ReleaseDLLSharedDeps|x64
		{02EB8C66-CEC8-4862-AD01-2CF648DDB433}.ReleaseLTO|Win32.ActiveCfg = ReleaseLTO|Win32
		{02EB8C66-CEC8-4862-AD01-2CF648DDB433}.ReleaseLTO|Win32.Build.0 = ReleaseLTO|Win32
		{02EB8C66-CEC8-4862-AD01-2CF648DDB433}.ReleaseLTO|x64.ActiveCfg = ReleaseLTO|x64
		{02EB8C66-CEC8-4862-AD01-2CF648DDB433}.ReleaseLTO|x64.Build.0 = ReleaseLTO|x64
	EndGlobalSection
	GlobalSection(SolutionProperties) = preSolution
		HideSolutionNode = FALSE
	EndGlobalSection
EndGlobal
